
Microsoft Visual Studio Solution File, Format Version 12.00
# Visual Studio Version 17
VisualStudioVersion = 17.8.34511.84
MinimumVisualStudioVersion = 10.0.40219.1
Project("{FAE04EC0-301F-11D3-BF4B-00C04F79EFBC}") = "API.Data", "src\API.Data\API.Data.csproj", "{542E2740-7AFC-4FE1-B3C9-3728A6F49EF4}"
EndProject
Project("{FAE04EC0-301F-11D3-BF4B-00C04F79EFBC}") = "API.Domain", "src\API.Domain\API.Domain.csproj", "{D986C695-8D4C-43DF-BE1F-FADFC45F4099}"
EndProject
Global
	GlobalSection(SolutionConfigurationPlatforms) = preSolution
		Debug|Any CPU = Debug|Any CPU
		Release|Any CPU = Release|Any CPU
	EndGlobalSection
	GlobalSection(ProjectConfigurationPlatforms) = postSolution
		{542E2740-7AFC-4FE1-B3C9-3728A6F49EF4}.Debug|Any CPU.ActiveCfg = Debug|Any CPU
		{542E2740-7AFC-4FE1-B3C9-3728A6F49EF4}.Debug|Any CPU.Build.0 = Debug|Any CPU
		{542E2740-7AFC-4FE1-B3C9-3728A6F49EF4}.Release|Any CPU.ActiveCfg = Release|Any CPU
		{542E2740-7AFC-4FE1-B3C9-3728A6F49EF4}.Release|Any CPU.Build.0 = Release|Any CPU
		{D986C695-8D4C-43DF-BE1F-FADFC45F4099}.Debug|Any CPU.ActiveCfg = Debug|Any CPU
		{D986C695-8D4C-43DF-BE1F-FADFC45F4099}.Debug|Any CPU.Build.0 = Debug|Any CPU
		{D986C695-8D4C-43DF-BE1F-FADFC45F4099}.Release|Any CPU.ActiveCfg = Release|Any CPU
		{D986C695-8D4C-43DF-BE1F-FADFC45F4099}.Release|Any CPU.Build.0 = Release|Any CPU
	EndGlobalSection
	GlobalSection(SolutionProperties) = preSolution
		HideSolutionNode = FALSE
	EndGlobalSection
	GlobalSection(ExtensibilityGlobals) = postSolution
		SolutionGuid = {CB37C02D-09A4-4E63-A6A0-6C4F1FB47D15}
	EndGlobalSection
EndGlobal
